
Microsoft Visual Studio Solution File, Format Version 12.00
# Visual Studio Version 17
VisualStudioVersion = 17.10.35122.118
MinimumVisualStudioVersion = 10.0.40219.1
Project("{FAE04EC0-301F-11D3-BF4B-00C04F79EFBC}") = "Module7", "Module7\Module7.csproj", "{7A1D9404-F5F4-41BF-B2D5-CBC418E0588C}"
EndProject
Global
	GlobalSection(SolutionConfigurationPlatforms) = preSolution
		Debug|Any CPU = Debug|Any CPU
		Release|Any CPU = Release|Any CPU
	EndGlobalSection
	GlobalSection(ProjectConfigurationPlatforms) = postSolution
		{7A1D9404-F5F4-41BF-B2D5-CBC418E0588C}.Debug|Any CPU.ActiveCfg = Debug|Any CPU
		{7A1D9404-F5F4-41BF-B2D5-CBC418E0588C}.Debug|Any CPU.Build.0 = Debug|Any CPU
		{7A1D9404-F5F4-41BF-B2D5-CBC418E0588C}.Release|Any CPU.ActiveCfg = Release|Any CPU
		{7A1D9404-F5F4-41BF-B2D5-CBC418E0588C}.Release|Any CPU.Build.0 = Release|Any CPU
	EndGlobalSection
	GlobalSection(SolutionProperties) = preSolution
		HideSolutionNode = FALSE
	EndGlobalSection
	GlobalSection(ExtensibilityGlobals) = postSolution
		SolutionGuid = {9BD9520B-2019-4162-A9A9-B8E9A33065B6}
	EndGlobalSection
EndGlobal
